
Microsoft Visual Studio Solution File, Format Version 12.00
# Visual Studio Version 17
VisualStudioVersion = 17.8.34511.84
MinimumVisualStudioVersion = 10.0.40219.1
Project("{2150E333-8FDC-42A3-9474-1A3956D46DE8}") = "src", "src", "{B77F2809-8B38-41E9-9894-DA104A4F03CB}"
EndProject
Project("{2150E333-8FDC-42A3-9474-1A3956D46DE8}") = "Modules", "Modules", "{AB68AC07-C011-45A4-9C29-AB73383DFA07}"
EndProject
Project("{2150E333-8FDC-42A3-9474-1A3956D46DE8}") = "Common", "Common", "{E0D9B36A-8370-4934-9E9F-3933843B2EBA}"
EndProject
Project("{9A19103F-16F7-4668-BE54-9A1E7A4F7556}") = "Common.Application", "src\Common\Common.Application\Common.Application.csproj", "{EAA31570-A1B0-4A53-B14C-ABE205F98003}"
EndProject
Project("{9A19103F-16F7-4668-BE54-9A1E7A4F7556}") = "Common.Authorization", "src\Common\Common.Authorization\Common.Authorization.csproj", "{8B2BECAA-47E5-47CF-ACAE-7F16F32E45E5}"
EndProject
Project("{9A19103F-16F7-4668-BE54-9A1E7A4F7556}") = "Common.Domain", "src\Common\Common.Domain\Common.Domain.csproj", "{AA5D6D70-C90E-445D-A81F-49D1B8ADE4BF}"
EndProject
Project("{9A19103F-16F7-4668-BE54-9A1E7A4F7556}") = "Common.SharedKernel", "src\Common\Common.SharedKernel\Common.SharedKernel.csproj", "{22DDD738-4AEB-478E-998F-4696122037B6}"
EndProject
Project("{9A19103F-16F7-4668-BE54-9A1E7A4F7556}") = "Common.Persistence", "src\Common\Common.Persistence\Common.Persistence.csproj", "{D53023F8-2226-43DD-8676-842F23CF00C3}"
EndProject
Project("{9A19103F-16F7-4668-BE54-9A1E7A4F7556}") = "Common.Proxies", "src\Common\Common.Proxies\Common.Proxies.csproj", "{2E9BC35D-9EF7-4921-926B-08638E13FD77}"
EndProject
Project("{2150E333-8FDC-42A3-9474-1A3956D46DE8}") = "Auth", "Auth", "{4D5F7B3F-A1D6-4159-8E8E-EE3D0990BF41}"
EndProject
Project("{9A19103F-16F7-4668-BE54-9A1E7A4F7556}") = "Auth.API", "src\Modules\Auth\Auth.API\Auth.API.csproj", "{BFB8F069-6FC9-458C-8DC1-A3F21482C07B}"
EndProject
Project("{9A19103F-16F7-4668-BE54-9A1E7A4F7556}") = "Auth.Service", "src\Modules\Auth\Auth.Service\Auth.Service.csproj", "{78A61E61-5778-4C8A-A1DA-50CDA0C6A0D9}"
EndProject
Global
	GlobalSection(SolutionConfigurationPlatforms) = preSolution
		Debug|Any CPU = Debug|Any CPU
		Release|Any CPU = Release|Any CPU
	EndGlobalSection
	GlobalSection(ProjectConfigurationPlatforms) = postSolution
		{EAA31570-A1B0-4A53-B14C-ABE205F98003}.Debug|Any CPU.ActiveCfg = Debug|Any CPU
		{EAA31570-A1B0-4A53-B14C-ABE205F98003}.Debug|Any CPU.Build.0 = Debug|Any CPU
		{EAA31570-A1B0-4A53-B14C-ABE205F98003}.Release|Any CPU.ActiveCfg = Release|Any CPU
		{EAA31570-A1B0-4A53-B14C-ABE205F98003}.Release|Any CPU.Build.0 = Release|Any CPU
		{8B2BECAA-47E5-47CF-ACAE-7F16F32E45E5}.Debug|Any CPU.ActiveCfg = Debug|Any CPU
		{8B2BECAA-47E5-47CF-ACAE-7F16F32E45E5}.Debug|Any CPU.Build.0 = Debug|Any CPU
		{8B2BECAA-47E5-47CF-ACAE-7F16F32E45E5}.Release|Any CPU.ActiveCfg = Release|Any CPU
		{8B2BECAA-47E5-47CF-ACAE-7F16F32E45E5}.Release|Any CPU.Build.0 = Release|Any CPU
		{AA5D6D70-C90E-445D-A81F-49D1B8ADE4BF}.Debug|Any CPU.ActiveCfg = Debug|Any CPU
		{AA5D6D70-C90E-445D-A81F-49D1B8ADE4BF}.Debug|Any CPU.Build.0 = Debug|Any CPU
		{AA5D6D70-C90E-445D-A81F-49D1B8ADE4BF}.Release|Any CPU.ActiveCfg = Release|Any CPU
		{AA5D6D70-C90E-445D-A81F-49D1B8ADE4BF}.Release|Any CPU.Build.0 = Release|Any CPU
		{22DDD738-4AEB-478E-998F-4696122037B6}.Debug|Any CPU.ActiveCfg = Debug|Any CPU
		{22DDD738-4AEB-478E-998F-4696122037B6}.Debug|Any CPU.Build.0 = Debug|Any CPU
		{22DDD738-4AEB-478E-998F-4696122037B6}.Release|Any CPU.ActiveCfg = Release|Any CPU
		{22DDD738-4AEB-478E-998F-4696122037B6}.Release|Any CPU.Build.0 = Release|Any CPU
		{D53023F8-2226-43DD-8676-842F23CF00C3}.Debug|Any CPU.ActiveCfg = Debug|Any CPU
		{D53023F8-2226-43DD-8676-842F23CF00C3}.Debug|Any CPU.Build.0 = Debug|Any CPU
		{D53023F8-2226-43DD-8676-842F23CF00C3}.Release|Any CPU.ActiveCfg = Release|Any CPU
		{D53023F8-2226-43DD-8676-842F23CF00C3}.Release|Any CPU.Build.0 = Release|Any CPU
		{2E9BC35D-9EF7-4921-926B-08638E13FD77}.Debug|Any CPU.ActiveCfg = Debug|Any CPU
		{2E9BC35D-9EF7-4921-926B-08638E13FD77}.Debug|Any CPU.Build.0 = Debug|Any CPU
		{2E9BC35D-9EF7-4921-926B-08638E13FD77}.Release|Any CPU.ActiveCfg = Release|Any CPU
		{2E9BC35D-9EF7-4921-926B-08638E13FD77}.Release|Any CPU.Build.0 = Release|Any CPU
		{BFB8F069-6FC9-458C-8DC1-A3F21482C07B}.Debug|Any CPU.ActiveCfg = Debug|Any CPU
		{BFB8F069-6FC9-458C-8DC1-A3F21482C07B}.Debug|Any CPU.Build.0 = Debug|Any CPU
		{BFB8F069-6FC9-458C-8DC1-A3F21482C07B}.Release|Any CPU.ActiveCfg = Release|Any CPU
		{BFB8F069-6FC9-458C-8DC1-A3F21482C07B}.Release|Any CPU.Build.0 = Release|Any CPU
		{78A61E61-5778-4C8A-A1DA-50CDA0C6A0D9}.Debug|Any CPU.ActiveCfg = Debug|Any CPU
		{78A61E61-5778-4C8A-A1DA-50CDA0C6A0D9}.Debug|Any CPU.Build.0 = Debug|Any CPU
		{78A61E61-5778-4C8A-A1DA-50CDA0C6A0D9}.Release|Any CPU.ActiveCfg = Release|Any CPU
		{78A61E61-5778-4C8A-A1DA-50CDA0C6A0D9}.Release|Any CPU.Build.0 = Release|Any CPU
	EndGlobalSection
	GlobalSection(SolutionProperties) = preSolution
		HideSolutionNode = FALSE
	EndGlobalSection
	GlobalSection(NestedProjects) = preSolution
		{AB68AC07-C011-45A4-9C29-AB73383DFA07} = {B77F2809-8B38-41E9-9894-DA104A4F03CB}
		{E0D9B36A-8370-4934-9E9F-3933843B2EBA} = {B77F2809-8B38-41E9-9894-DA104A4F03CB}
		{EAA31570-A1B0-4A53-B14C-ABE205F98003} = {E0D9B36A-8370-4934-9E9F-3933843B2EBA}
		{8B2BECAA-47E5-47CF-ACAE-7F16F32E45E5} = {E0D9B36A-8370-4934-9E9F-3933843B2EBA}
		{AA5D6D70-C90E-445D-A81F-49D1B8ADE4BF} = {E0D9B36A-8370-4934-9E9F-3933843B2EBA}
		{22DDD738-4AEB-478E-998F-4696122037B6} = {E0D9B36A-8370-4934-9E9F-3933843B2EBA}
		{D53023F8-2226-43DD-8676-842F23CF00C3} = {E0D9B36A-8370-4934-9E9F-3933843B2EBA}
		{2E9BC35D-9EF7-4921-926B-08638E13FD77} = {E0D9B36A-8370-4934-9E9F-3933843B2EBA}
		{4D5F7B3F-A1D6-4159-8E8E-EE3D0990BF41} = {AB68AC07-C011-45A4-9C29-AB73383DFA07}
		{BFB8F069-6FC9-458C-8DC1-A3F21482C07B} = {4D5F7B3F-A1D6-4159-8E8E-EE3D0990BF41}
		{78A61E61-5778-4C8A-A1DA-50CDA0C6A0D9} = {4D5F7B3F-A1D6-4159-8E8E-EE3D0990BF41}
	EndGlobalSection
	GlobalSection(ExtensibilityGlobals) = postSolution
		SolutionGuid = {FE8952ED-4CBD-449D-AFAC-229B8D6B90C6}
	EndGlobalSection
EndGlobal
